
Microsoft Visual Studio Solution File, Format Version 12.00
# Visual Studio Version 16
VisualStudioVersion = 16.0.30804.86
MinimumVisualStudioVersion = 10.0.40219.1
Project("{8BC9CEB8-8B4A-11D0-8D11-00A0C91BC942}") = "Laba1BD", "Laba1BD\Laba1BD.vcxproj", "{D52D50DA-83C6-4EE6-BEE0-8E20584158BC}"
EndProject
Global
	GlobalSection(SolutionConfigurationPlatforms) = preSolution
		Debug|x64 = Debug|x64
		Debug|x86 = Debug|x86
		Release|x64 = Release|x64
		Release|x86 = Release|x86
	EndGlobalSection
	GlobalSection(ProjectConfigurationPlatforms) = postSolution
		{D52D50DA-83C6-4EE6-BEE0-8E20584158BC}.Debug|x64.ActiveCfg = Debug|x64
		{D52D50DA-83C6-4EE6-BEE0-8E20584158BC}.Debug|x64.Build.0 = Debug|x64
		{D52D50DA-83C6-4EE6-BEE0-8E20584158BC}.Debug|x86.ActiveCfg = Debug|Win32
		{D52D50DA-83C6-4EE6-BEE0-8E20584158BC}.Debug|x86.Build.0 = Debug|Win32
		{D52D50DA-83C6-4EE6-BEE0-8E20584158BC}.Release|x64.ActiveCfg = Release|x64
		{D52D50DA-83C6-4EE6-BEE0-8E20584158BC}.Release|x64.Build.0 = Release|x64
		{D52D50DA-83C6-4EE6-BEE0-8E20584158BC}.Release|x86.ActiveCfg = Release|Win32
		{D52D50DA-83C6-4EE6-BEE0-8E20584158BC}.Release|x86.Build.0 = Release|Win32
	EndGlobalSection
	GlobalSection(SolutionProperties) = preSolution
		HideSolutionNode = FALSE
	EndGlobalSection
	GlobalSection(ExtensibilityGlobals) = postSolution
		SolutionGuid = {381D3BC8-2D9E-47D3-96B3-6788BD0E764B}
	EndGlobalSection
EndGlobal
